// !$*UTF8*$!
{
	archiveVersion = 1;
	classes = {};
	objectVersion = 56;
	objects = {
		BC4A71180870F7945155FBB0 = {isa = XCLocalSwiftPackageReference; relativePath = Packages/GodModeCore; };
		41A0F2DB43A9906EEF33F335 = {isa = PBXFileReference; lastKnownFileType = sourcecode.swift; path = "GodMode/App/AppModel.swift"; sourceTree = "<group>"; };
		DC83AF3E289E54DA58881345 = {isa = PBXBuildFile; fileRef = 41A0F2DB43A9906EEF33F335; };
		7334A6BC44C9C2AB3A63028C = {isa = PBXFileReference; lastKnownFileType = sourcecode.swift; path = "GodMode/App/GodModeApp.swift"; sourceTree = "<group>"; };
		526541F1FEBEE7C20FF21B77 = {isa = PBXBuildFile; fileRef = 7334A6BC44C9C2AB3A63028C; };
		13B237F3B81A4183A828287F = {isa = PBXFileReference; lastKnownFileType = sourcecode.swift; path = "GodMode/App/PersonalEditionCapabilities.swift"; sourceTree = "<group>"; };
		34F82ED4239E7875B22C49ED = {isa = PBXBuildFile; fileRef = 13B237F3B81A4183A828287F; };
		DC4F47E333D60B579CDC1D35 = {isa = PBXFileReference; lastKnownFileType = sourcecode.swift; path = "GodMode/Data/GodModeSchema.swift"; sourceTree = "<group>"; };
		EF81066BCABC9532AD90BCDC = {isa = PBXBuildFile; fileRef = DC4F47E333D60B579CDC1D35; };
		9FEEDFCFF4419D5789534541 = {isa = PBXFileReference; lastKnownFileType = sourcecode.swift; path = "GodMode/Data/SwiftDataProfileRepository.swift"; sourceTree = "<group>"; };
		C57A5E538D59551DD05CB9C8 = {isa = PBXBuildFile; fileRef = 9FEEDFCFF4419D5789534541; };
		D5497312E3AB957AE9C73C42 = {isa = PBXFileReference; lastKnownFileType = sourcecode.swift; path = "GodMode/DesignSystem/Components.swift"; sourceTree = "<group>"; };
		B057201E05263213F6736594 = {isa = PBXBuildFile; fileRef = D5497312E3AB957AE9C73C42; };
		50B1E5BF441C92961EFCB002 = {isa = PBXFileReference; lastKnownFileType = sourcecode.swift; path = "GodMode/DesignSystem/DesignTokens.swift"; sourceTree = "<group>"; };
		B7D7D153F08540BD9C4BDC80 = {isa = PBXBuildFile; fileRef = 50B1E5BF441C92961EFCB002; };
		878EAA9DF5686AC64E95651D = {isa = PBXFileReference; lastKnownFileType = sourcecode.swift; path = "GodMode/Features/PersonalEditionSettingsView.swift"; sourceTree = "<group>"; };
		D7B29966C49A2F017576F628 = {isa = PBXBuildFile; fileRef = 878EAA9DF5686AC64E95651D; };
		D3EB6AC8001C581D2D197517 = {isa = PBXFileReference; lastKnownFileType = sourcecode.swift; path = "GodMode/Features/ProgramView.swift"; sourceTree = "<group>"; };
		23372447E1F491DC836A3470 = {isa = PBXBuildFile; fileRef = D3EB6AC8001C581D2D197517; };
		4F915A9E3351C2ADD9209185 = {isa = PBXFileReference; lastKnownFileType = sourcecode.swift; path = "GodMode/Features/RootView.swift"; sourceTree = "<group>"; };
		52C634263DA110A7EF7BA9A2 = {isa = PBXBuildFile; fileRef = 4F915A9E3351C2ADD9209185; };
		08BFCD0927FBAEED21F06AE3 = {isa = PBXFileReference; lastKnownFileType = sourcecode.swift; path = "GodMode/Features/SetupView.swift"; sourceTree = "<group>"; };
		CB069F22CA708B527CB60CBA = {isa = PBXBuildFile; fileRef = 08BFCD0927FBAEED21F06AE3; };
		B066424572EA3943A49E73BD = {isa = PBXFileReference; lastKnownFileType = sourcecode.swift; path = "GodMode/Features/SystemView.swift"; sourceTree = "<group>"; };
		B097B1926BE646F9F07D2441 = {isa = PBXBuildFile; fileRef = B066424572EA3943A49E73BD; };
		F1672447CED269713189BA83 = {isa = PBXFileReference; lastKnownFileType = text.xml; path = "GodMode/Resources/PrivacyInfo.xcprivacy"; sourceTree = "<group>"; };
		CBBC3FED703A82545CA284B5 = {isa = PBXBuildFile; fileRef = F1672447CED269713189BA83; };
		180468B94BF819A3560CEDB5 = {isa = PBXFileReference; lastKnownFileType = text.json.xcstrings; path = "GodMode/Resources/Localizable.xcstrings"; sourceTree = "<group>"; };
		3B6A7F922E9BAD761F8B50A6 = {isa = PBXBuildFile; fileRef = 180468B94BF819A3560CEDB5; };
		2AAD13E145CD0CB753B955BE = {isa = PBXFileReference; lastKnownFileType = text.plist.xml; path = "GodMode/Info.plist"; sourceTree = "<group>"; };
		EE16537C4FB87D899E8B6A83 = {isa = PBXGroup; children = (41A0F2DB43A9906EEF33F335, 7334A6BC44C9C2AB3A63028C, 13B237F3B81A4183A828287F, DC4F47E333D60B579CDC1D35, 9FEEDFCFF4419D5789534541, D5497312E3AB957AE9C73C42, 50B1E5BF441C92961EFCB002, 878EAA9DF5686AC64E95651D, D3EB6AC8001C581D2D197517, 4F915A9E3351C2ADD9209185, 08BFCD0927FBAEED21F06AE3, B066424572EA3943A49E73BD, F1672447CED269713189BA83, 180468B94BF819A3560CEDB5, 2AAD13E145CD0CB753B955BE,); name = GodMode; sourceTree = "<group>"; };
		7E5455742CAE0AAD1DDB850F = {isa = PBXSourcesBuildPhase; buildActionMask = 2147483647; files = (DC83AF3E289E54DA58881345, 526541F1FEBEE7C20FF21B77, 34F82ED4239E7875B22C49ED, EF81066BCABC9532AD90BCDC, C57A5E538D59551DD05CB9C8, B057201E05263213F6736594, B7D7D153F08540BD9C4BDC80, D7B29966C49A2F017576F628, 23372447E1F491DC836A3470, 52C634263DA110A7EF7BA9A2, CB069F22CA708B527CB60CBA, B097B1926BE646F9F07D2441,); runOnlyForDeploymentPostprocessing = 0; };
		11727C3F11D808D7E30DCE4A = {isa = PBXResourcesBuildPhase; buildActionMask = 2147483647; files = (CBBC3FED703A82545CA284B5, 3B6A7F922E9BAD761F8B50A6,); runOnlyForDeploymentPostprocessing = 0; };
		4726655128A9273C98CAFE5F = {isa = XCSwiftPackageProductDependency; package = BC4A71180870F7945155FBB0; productName = GodModeCore; };
		24714A128C92629A17ED25B4 = {isa = PBXBuildFile; productRef = 4726655128A9273C98CAFE5F; };
		A7FE3939C3F75DAC5D3FC4E7 = {isa = PBXFrameworksBuildPhase; buildActionMask = 2147483647; files = (24714A128C92629A17ED25B4,); runOnlyForDeploymentPostprocessing = 0; };
		4E6B1446B95BDEB0B8FDF810 = {isa = PBXFileReference; explicitFileType = wrapper.application; includeInIndex = 0; path = GodMode.app; sourceTree = BUILT_PRODUCTS_DIR; };
		A5681C30C9CE484B79CAC64E = {isa = XCBuildConfiguration; name = Debug; buildSettings = { PRODUCT_NAME = "$(TARGET_NAME)"; PRODUCT_BUNDLE_IDENTIFIER = "com.markgison.godmode"; CODE_SIGN_STYLE = "Automatic"; MARKETING_VERSION = "0.1.0"; CURRENT_PROJECT_VERSION = "1"; LD_RUNPATH_SEARCH_PATHS = "$(inherited) @executable_path/Frameworks @loader_path/Frameworks"; SWIFT_EMIT_LOC_STRINGS = "YES"; GENERATE_INFOPLIST_FILE = "NO"; INFOPLIST_FILE = "GodMode/Info.plist"; }; };
		EE5EE55BD399FA7C9BB37DF7 = {isa = XCBuildConfiguration; name = Release; buildSettings = { PRODUCT_NAME = "$(TARGET_NAME)"; PRODUCT_BUNDLE_IDENTIFIER = "com.markgison.godmode"; CODE_SIGN_STYLE = "Automatic"; MARKETING_VERSION = "0.1.0"; CURRENT_PROJECT_VERSION = "1"; LD_RUNPATH_SEARCH_PATHS = "$(inherited) @executable_path/Frameworks @loader_path/Frameworks"; SWIFT_EMIT_LOC_STRINGS = "YES"; GENERATE_INFOPLIST_FILE = "NO"; INFOPLIST_FILE = "GodMode/Info.plist"; }; };
		08D8429B4EB33DB5FE909D17 = {isa = XCConfigurationList; buildConfigurations = (A5681C30C9CE484B79CAC64E, EE5EE55BD399FA7C9BB37DF7,); defaultConfigurationIsVisible = 0; defaultConfigurationName = Release; };
		1662DA933448BBDDB137EA56 = {isa = PBXNativeTarget; buildConfigurationList = 08D8429B4EB33DB5FE909D17; buildPhases = (7E5455742CAE0AAD1DDB850F, A7FE3939C3F75DAC5D3FC4E7, 11727C3F11D808D7E30DCE4A,); buildRules = (); dependencies = (); name = GodMode; packageProductDependencies = (4726655128A9273C98CAFE5F,); productName = GodMode; productReference = 4E6B1446B95BDEB0B8FDF810; productType = "com.apple.product-type.application"; };
		2DD5EE563F8035563E739719 = {isa = PBXFileReference; lastKnownFileType = sourcecode.swift; path = "GodModeTests/AppModelTests.swift"; sourceTree = "<group>"; };
		BC499D15EE5E9A8428FD8B00 = {isa = PBXBuildFile; fileRef = 2DD5EE563F8035563E739719; };
		E8A74F137B22A66EA42AEB7C = {isa = PBXFileReference; lastKnownFileType = sourcecode.swift; path = "GodModeTests/PersistenceTests.swift"; sourceTree = "<group>"; };
		6D8BCEB227DF0A2BE1326F2A = {isa = PBXBuildFile; fileRef = E8A74F137B22A66EA42AEB7C; };
		C5BE3C11EF768FCC551820D2 = {isa = PBXGroup; children = (2DD5EE563F8035563E739719, E8A74F137B22A66EA42AEB7C,); name = GodModeTests; sourceTree = "<group>"; };
		F840CDE66411CB7EDC79BABF = {isa = PBXSourcesBuildPhase; buildActionMask = 2147483647; files = (BC499D15EE5E9A8428FD8B00, 6D8BCEB227DF0A2BE1326F2A,); runOnlyForDeploymentPostprocessing = 0; };
		323FD8289ACB805AC1DF0F14 = {isa = PBXResourcesBuildPhase; buildActionMask = 2147483647; files = (); runOnlyForDeploymentPostprocessing = 0; };
		F4480D5242F5D0AEF807A7DC = {isa = XCSwiftPackageProductDependency; package = BC4A71180870F7945155FBB0; productName = GodModeCore; };
		63A26B9DBF8D9002EF00ACBB = {isa = PBXBuildFile; productRef = F4480D5242F5D0AEF807A7DC; };
		CBE94CB4A341DB185876C19D = {isa = PBXFrameworksBuildPhase; buildActionMask = 2147483647; files = (63A26B9DBF8D9002EF00ACBB,); runOnlyForDeploymentPostprocessing = 0; };
		8A305064DCEC8A333621D912 = {isa = PBXFileReference; explicitFileType = wrapper.cfbundle; includeInIndex = 0; path = GodModeTests.xctest; sourceTree = BUILT_PRODUCTS_DIR; };
		C29BC7ABFF864A3CB49E9A39 = {isa = PBXContainerItemProxy; containerPortal = 244210E48437B6556980A702; proxyType = 1; remoteGlobalIDString = 1662DA933448BBDDB137EA56; remoteInfo = GodMode; };
		8DBC38B004865AE165276AD7 = {isa = PBXTargetDependency; target = 1662DA933448BBDDB137EA56; targetProxy = C29BC7ABFF864A3CB49E9A39; };
		7BC553A21CD1E26F386B073E = {isa = XCBuildConfiguration; name = Debug; buildSettings = { PRODUCT_NAME = "$(TARGET_NAME)"; PRODUCT_BUNDLE_IDENTIFIER = "com.markgison.godmode.GodModeTests"; CODE_SIGN_STYLE = "Automatic"; MARKETING_VERSION = "0.1.0"; CURRENT_PROJECT_VERSION = "1"; LD_RUNPATH_SEARCH_PATHS = "$(inherited) @executable_path/Frameworks @loader_path/Frameworks"; SWIFT_EMIT_LOC_STRINGS = "NO"; GENERATE_INFOPLIST_FILE = "YES"; TEST_HOST = "$(BUILT_PRODUCTS_DIR)/GodMode.app/GodMode"; BUNDLE_LOADER = "$(TEST_HOST)"; }; };
		CB470B60FC59E3B2B3ADE907 = {isa = XCBuildConfiguration; name = Release; buildSettings = { PRODUCT_NAME = "$(TARGET_NAME)"; PRODUCT_BUNDLE_IDENTIFIER = "com.markgison.godmode.GodModeTests"; CODE_SIGN_STYLE = "Automatic"; MARKETING_VERSION = "0.1.0"; CURRENT_PROJECT_VERSION = "1"; LD_RUNPATH_SEARCH_PATHS = "$(inherited) @executable_path/Frameworks @loader_path/Frameworks"; SWIFT_EMIT_LOC_STRINGS = "NO"; GENERATE_INFOPLIST_FILE = "YES"; TEST_HOST = "$(BUILT_PRODUCTS_DIR)/GodMode.app/GodMode"; BUNDLE_LOADER = "$(TEST_HOST)"; }; };
		C0D951473CB121572C5EEC68 = {isa = XCConfigurationList; buildConfigurations = (7BC553A21CD1E26F386B073E, CB470B60FC59E3B2B3ADE907,); defaultConfigurationIsVisible = 0; defaultConfigurationName = Release; };
		D4FB22DFD9BBE4D85BF56C35 = {isa = PBXNativeTarget; buildConfigurationList = C0D951473CB121572C5EEC68; buildPhases = (F840CDE66411CB7EDC79BABF, CBE94CB4A341DB185876C19D, 323FD8289ACB805AC1DF0F14,); buildRules = (); dependencies = (8DBC38B004865AE165276AD7,); name = GodModeTests; packageProductDependencies = (F4480D5242F5D0AEF807A7DC,); productName = GodModeTests; productReference = 8A305064DCEC8A333621D912; productType = "com.apple.product-type.bundle.unit-test"; };
		9B93C34176D36E6612600618 = {isa = PBXFileReference; lastKnownFileType = sourcecode.swift; path = "GodModeUITests/FoundationFlowTests.swift"; sourceTree = "<group>"; };
		77A5338A08FE7FD052B103DA = {isa = PBXBuildFile; fileRef = 9B93C34176D36E6612600618; };
		91A278747C4C8356462E9948 = {isa = PBXGroup; children = (9B93C34176D36E6612600618,); name = GodModeUITests; sourceTree = "<group>"; };
		4E063609F08CADCFF21A7D54 = {isa = PBXSourcesBuildPhase; buildActionMask = 2147483647; files = (77A5338A08FE7FD052B103DA,); runOnlyForDeploymentPostprocessing = 0; };
		7953BCD708F63569CCEE8386 = {isa = PBXResourcesBuildPhase; buildActionMask = 2147483647; files = (); runOnlyForDeploymentPostprocessing = 0; };
		6DB91BF311B26446AE1B66C3 = {isa = PBXFrameworksBuildPhase; buildActionMask = 2147483647; files = (); runOnlyForDeploymentPostprocessing = 0; };
		EC96D206D282DD26D39206EF = {isa = PBXFileReference; explicitFileType = wrapper.cfbundle; includeInIndex = 0; path = GodModeUITests.xctest; sourceTree = BUILT_PRODUCTS_DIR; };
		7DCD16EDED5212FB77E9CCC8 = {isa = PBXContainerItemProxy; containerPortal = 244210E48437B6556980A702; proxyType = 1; remoteGlobalIDString = 1662DA933448BBDDB137EA56; remoteInfo = GodMode; };
		8D429EA2C424779B1939C20C = {isa = PBXTargetDependency; target = 1662DA933448BBDDB137EA56; targetProxy = 7DCD16EDED5212FB77E9CCC8; };
		77BC66E0B555FF086500DEA3 = {isa = XCBuildConfiguration; name = Debug; buildSettings = { PRODUCT_NAME = "$(TARGET_NAME)"; PRODUCT_BUNDLE_IDENTIFIER = "com.markgison.godmode.GodModeUITests"; CODE_SIGN_STYLE = "Automatic"; MARKETING_VERSION = "0.1.0"; CURRENT_PROJECT_VERSION = "1"; LD_RUNPATH_SEARCH_PATHS = "$(inherited) @executable_path/Frameworks @loader_path/Frameworks"; SWIFT_EMIT_LOC_STRINGS = "NO"; GENERATE_INFOPLIST_FILE = "YES"; TEST_TARGET_NAME = "GodMode"; }; };
		E9D21D80B4C8280C38A60424 = {isa = XCBuildConfiguration; name = Release; buildSettings = { PRODUCT_NAME = "$(TARGET_NAME)"; PRODUCT_BUNDLE_IDENTIFIER = "com.markgison.godmode.GodModeUITests"; CODE_SIGN_STYLE = "Automatic"; MARKETING_VERSION = "0.1.0"; CURRENT_PROJECT_VERSION = "1"; LD_RUNPATH_SEARCH_PATHS = "$(inherited) @executable_path/Frameworks @loader_path/Frameworks"; SWIFT_EMIT_LOC_STRINGS = "NO"; GENERATE_INFOPLIST_FILE = "YES"; TEST_TARGET_NAME = "GodMode"; }; };
		63AF594F79866354F08FDBFE = {isa = XCConfigurationList; buildConfigurations = (77BC66E0B555FF086500DEA3, E9D21D80B4C8280C38A60424,); defaultConfigurationIsVisible = 0; defaultConfigurationName = Release; };
		37F15189F414C3D19A372D2F = {isa = PBXNativeTarget; buildConfigurationList = 63AF594F79866354F08FDBFE; buildPhases = (4E063609F08CADCFF21A7D54, 6DB91BF311B26446AE1B66C3, 7953BCD708F63569CCEE8386,); buildRules = (); dependencies = (8D429EA2C424779B1939C20C,); name = GodModeUITests; packageProductDependencies = (); productName = GodModeUITests; productReference = EC96D206D282DD26D39206EF; productType = "com.apple.product-type.bundle.ui-testing"; };
		0A3E27B8CA818264D75C8D81 = {isa = PBXGroup; children = (4E6B1446B95BDEB0B8FDF810, 8A305064DCEC8A333621D912, EC96D206D282DD26D39206EF,); name = Products; sourceTree = "<group>"; };
		0D6E4079E36703EBD37C0072 = {isa = PBXGroup; children = (EE16537C4FB87D899E8B6A83, C5BE3C11EF768FCC551820D2, 91A278747C4C8356462E9948, 0A3E27B8CA818264D75C8D81,); sourceTree = "<group>"; };
		73EBF6644258C120893E685D = {isa = XCBuildConfiguration; name = Debug; buildSettings = { SDKROOT = "iphoneos"; IPHONEOS_DEPLOYMENT_TARGET = "26.0"; SUPPORTED_PLATFORMS = "iphoneos iphonesimulator"; TARGETED_DEVICE_FAMILY = "1"; SWIFT_VERSION = "6.0"; SWIFT_STRICT_CONCURRENCY = "complete"; SWIFT_TREAT_WARNINGS_AS_ERRORS = "YES"; GCC_TREAT_WARNINGS_AS_ERRORS = "YES"; CLANG_ENABLE_MODULES = "YES"; CLANG_ENABLE_OBJC_ARC = "YES"; CLANG_WARN_DOCUMENTATION_COMMENTS = "YES"; CLANG_WARN_QUOTED_INCLUDE_IN_FRAMEWORK_HEADER = "YES"; GCC_WARN_UNUSED_VARIABLE = "YES"; GCC_WARN_UNUSED_FUNCTION = "YES"; ENABLE_USER_SCRIPT_SANDBOXING = "YES"; ALWAYS_SEARCH_USER_PATHS = "NO"; LOCALIZATION_PREFERS_STRING_CATALOGS = "YES"; DEVELOPMENT_LANGUAGE = "en"; SWIFT_OPTIMIZATION_LEVEL = "-Onone"; ENABLE_TESTABILITY = "YES"; SWIFT_ACTIVE_COMPILATION_CONDITIONS = "$(inherited) DEBUG"; ONLY_ACTIVE_ARCH = "YES"; DEBUG_INFORMATION_FORMAT = "dwarf"; }; };
		0B0C687DF8B6B8DC790B519C = {isa = XCBuildConfiguration; name = Release; buildSettings = { SDKROOT = "iphoneos"; IPHONEOS_DEPLOYMENT_TARGET = "26.0"; SUPPORTED_PLATFORMS = "iphoneos iphonesimulator"; TARGETED_DEVICE_FAMILY = "1"; SWIFT_VERSION = "6.0"; SWIFT_STRICT_CONCURRENCY = "complete"; SWIFT_TREAT_WARNINGS_AS_ERRORS = "YES"; GCC_TREAT_WARNINGS_AS_ERRORS = "YES"; CLANG_ENABLE_MODULES = "YES"; CLANG_ENABLE_OBJC_ARC = "YES"; CLANG_WARN_DOCUMENTATION_COMMENTS = "YES"; CLANG_WARN_QUOTED_INCLUDE_IN_FRAMEWORK_HEADER = "YES"; GCC_WARN_UNUSED_VARIABLE = "YES"; GCC_WARN_UNUSED_FUNCTION = "YES"; ENABLE_USER_SCRIPT_SANDBOXING = "YES"; ALWAYS_SEARCH_USER_PATHS = "NO"; LOCALIZATION_PREFERS_STRING_CATALOGS = "YES"; DEVELOPMENT_LANGUAGE = "en"; SWIFT_OPTIMIZATION_LEVEL = "-O"; SWIFT_COMPILATION_MODE = "wholemodule"; DEBUG_INFORMATION_FORMAT = "dwarf-with-dsym"; VALIDATE_PRODUCT = "YES"; }; };
		76F8DEC3DFE0BDB465198890 = {isa = XCConfigurationList; buildConfigurations = (73EBF6644258C120893E685D, 0B0C687DF8B6B8DC790B519C,); defaultConfigurationIsVisible = 0; defaultConfigurationName = Release; };
		244210E48437B6556980A702 = {isa = PBXProject; attributes = {LastUpgradeCheck = 2600; BuildIndependentTargetsInParallel = YES;}; buildConfigurationList = 76F8DEC3DFE0BDB465198890; compatibilityVersion = "Xcode 14.0"; developmentRegion = en; hasScannedForEncodings = 0; knownRegions = (en, Base); mainGroup = 0D6E4079E36703EBD37C0072; packageReferences = (BC4A71180870F7945155FBB0,); productRefGroup = 0A3E27B8CA818264D75C8D81; projectDirPath = ""; projectRoot = ""; targets = (1662DA933448BBDDB137EA56, D4FB22DFD9BBE4D85BF56C35, 37F15189F414C3D19A372D2F,); };
	};
	rootObject = 244210E48437B6556980A702;
}
